// !$*UTF8*$!
{
	archiveVersion = 1;
	classes = {
	};
	objectVersion = 77;
	objects = {

/* Begin PBXBuildFile section */
		47F7329C2D74DC5C00296E96 /* ApplyNow Extension.appex in Embed Foundation Extensions */ = {isa = PBXBuildFile; fileRef = 47F7329B2D74DC5C00296E96 /* ApplyNow Extension.appex */; settings = {ATTRIBUTES = (RemoveHeadersOnCopy, ); }; };
		47F732A62D74DC5C00296E96 /* ApplyNow Extension.appex in Embed Foundation Extensions */ = {isa = PBXBuildFile; fileRef = 47F732A52D74DC5C00296E96 /* ApplyNow Extension.appex */; settings = {ATTRIBUTES = (RemoveHeadersOnCopy, ); }; };
/* End PBXBuildFile section */

/* Begin PBXContainerItemProxy section */
		47F7329D2D74DC5C00296E96 /* PBXContainerItemProxy */ = {
			isa = PBXContainerItemProxy;
			containerPortal = 47F732612D74DC5A00296E96 /* Project object */;
			proxyType = 1;
			remoteGlobalIDString = 47F7329A2D74DC5C00296E96;
			remoteInfo = "ApplyNow Extension (iOS)";
		};
		47F732A72D74DC5C00296E96 /* PBXContainerItemProxy */ = {
			isa = PBXContainerItemProxy;
			containerPortal = 47F732612D74DC5A00296E96 /* Project object */;
			proxyType = 1;
			remoteGlobalIDString = 47F732A42D74DC5C00296E96;
			remoteInfo = "ApplyNow Extension (macOS)";
		};
/* End PBXContainerItemProxy section */

/* Begin PBXCopyFilesBuildPhase section */
		47F732CF2D74DC5C00296E96 /* Embed Foundation Extensions */ = {
			isa = PBXCopyFilesBuildPhase;
			buildActionMask = 2147483647;
			dstPath = "";
			dstSubfolderSpec = 13;
			files = (
				47F7329C2D74DC5C00296E96 /* ApplyNow Extension.appex in Embed Foundation Extensions */,
			);
			name = "Embed Foundation Extensions";
			runOnlyForDeploymentPostprocessing = 0;
		};
		47F732D92D74DC5C00296E96 /* Embed Foundation Extensions */ = {
			isa = PBXCopyFilesBuildPhase;
			buildActionMask = 2147483647;
			dstPath = "";
			dstSubfolderSpec = 13;
			files = (
				47F732A62D74DC5C00296E96 /* ApplyNow Extension.appex in Embed Foundation Extensions */,
			);
			name = "Embed Foundation Extensions";
			runOnlyForDeploymentPostprocessing = 0;
		};
/* End PBXCopyFilesBuildPhase section */

/* Begin PBXFileReference section */
		47F7327D2D74DC5C00296E96 /* ApplyNow.app */ = {isa = PBXFileReference; explicitFileType = wrapper.application; includeInIndex = 0; path = ApplyNow.app; sourceTree = BUILT_PRODUCTS_DIR; };
		47F7328F2D74DC5C00296E96 /* ApplyNow.app */ = {isa = PBXFileReference; explicitFileType = wrapper.application; includeInIndex = 0; path = ApplyNow.app; sourceTree = BUILT_PRODUCTS_DIR; };
		47F7329B2D74DC5C00296E96 /* ApplyNow Extension.appex */ = {isa = PBXFileReference; explicitFileType = "wrapper.app-extension"; includeInIndex = 0; path = "ApplyNow Extension.appex"; sourceTree = BUILT_PRODUCTS_DIR; };
		47F732A52D74DC5C00296E96 /* ApplyNow Extension.appex */ = {isa = PBXFileReference; explicitFileType = "wrapper.app-extension"; includeInIndex = 0; path = "ApplyNow Extension.appex"; sourceTree = BUILT_PRODUCTS_DIR; };
		47F732E12D74E0E600296E96 /* ApplyNow (iOS).entitlements */ = {isa = PBXFileReference; lastKnownFileType = text.plist.entitlements; path = "ApplyNow (iOS).entitlements"; sourceTree = "<group>"; };
		47F732E22D74E2A500296E96 /* ApplyNow Extension (iOS).entitlements */ = {isa = PBXFileReference; lastKnownFileType = text.plist.entitlements; path = "ApplyNow Extension (iOS).entitlements"; sourceTree = "<group>"; };
/* End PBXFileReference section */

/* Begin PBXFileSystemSynchronizedBuildFileExceptionSet section */
		47F732CA2D74DC5C00296E96 /* Exceptions for "Shared (App)" folder in "ApplyNow (iOS)" target */ = {
			isa = PBXFileSystemSynchronizedBuildFileExceptionSet;
			membershipExceptions = (
				"/Localized: Resources/Main.html",
				Assets.xcassets,
				Resources/Icon.png,
				Resources/Script.js,
				Resources/Style.css,
				StoreManager.swift,
				ViewController.swift,
			);
			target = 47F7327C2D74DC5C00296E96 /* ApplyNow (iOS) */;
		};
		47F732CE2D74DC5C00296E96 /* Exceptions for "iOS (Extension)" folder in "ApplyNow Extension (iOS)" target */ = {
			isa = PBXFileSystemSynchronizedBuildFileExceptionSet;
			membershipExceptions = (
				Info.plist,
			);
			target = 47F7329A2D74DC5C00296E96 /* ApplyNow Extension (iOS) */;
		};
		47F732D32D74DC5C00296E96 /* Exceptions for "iOS (App)" folder in "ApplyNow (iOS)" target */ = {
			isa = PBXFileSystemSynchronizedBuildFileExceptionSet;
			membershipExceptions = (
				Info.plist,
			);
			target = 47F7327C2D74DC5C00296E96 /* ApplyNow (iOS) */;
		};
		47F732D42D74DC5C00296E96 /* Exceptions for "Shared (App)" folder in "ApplyNow (macOS)" target */ = {
			isa = PBXFileSystemSynchronizedBuildFileExceptionSet;
			membershipExceptions = (
				"/Localized: Resources/Main.html",
				Assets.xcassets,
				Resources/Icon.png,
				Resources/Script.js,
				Resources/Style.css,
				StoreManager.swift,
				ViewController.swift,
			);
			target = 47F7328E2D74DC5C00296E96 /* ApplyNow (macOS) */;
		};
		47F732D82D74DC5C00296E96 /* Exceptions for "macOS (Extension)" folder in "ApplyNow Extension (macOS)" target */ = {
			isa = PBXFileSystemSynchronizedBuildFileExceptionSet;
			membershipExceptions = (
				Info.plist,
			);
			target = 47F732A42D74DC5C00296E96 /* ApplyNow Extension (macOS) */;
		};
		47F732DD2D74DC5C00296E96 /* Exceptions for "Shared (Extension)" folder in "ApplyNow Extension (iOS)" target */ = {
			isa = PBXFileSystemSynchronizedBuildFileExceptionSet;
			membershipExceptions = (
				Resources/_locales,
				Resources/background.js,
				Resources/content.js,
				Resources/images,
				Resources/manifest.json,
				Resources/popup.css,
				Resources/popup.html,
				Resources/popup.js,
				SafariWebExtensionHandler.swift,
			);
			target = 47F7329A2D74DC5C00296E96 /* ApplyNow Extension (iOS) */;
		};
		47F732DE2D74DC5C00296E96 /* Exceptions for "Shared (Extension)" folder in "ApplyNow Extension (macOS)" target */ = {
			isa = PBXFileSystemSynchronizedBuildFileExceptionSet;
			membershipExceptions = (
				Resources/_locales,
				Resources/background.js,
				Resources/content.js,
				Resources/images,
				Resources/manifest.json,
				Resources/popup.css,
				Resources/popup.html,
				Resources/popup.js,
				SafariWebExtensionHandler.swift,
			);
			target = 47F732A42D74DC5C00296E96 /* ApplyNow Extension (macOS) */;
		};
		47F734812D75FF3200296E96 /* Exceptions for "Shared (App)" folder in "ApplyNow Extension (iOS)" target */ = {
			isa = PBXFileSystemSynchronizedBuildFileExceptionSet;
			membershipExceptions = (
				StoreManager.swift,
			);
			target = 47F7329A2D74DC5C00296E96 /* ApplyNow Extension (iOS) */;
		};
		47F734822D75FF3200296E96 /* Exceptions for "Shared (App)" folder in "ApplyNow Extension (macOS)" target */ = {
			isa = PBXFileSystemSynchronizedBuildFileExceptionSet;
			membershipExceptions = (
				StoreManager.swift,
			);
			target = 47F732A42D74DC5C00296E96 /* ApplyNow Extension (macOS) */;
		};
/* End PBXFileSystemSynchronizedBuildFileExceptionSet section */

/* Begin PBXFileSystemSynchronizedRootGroup section */
		47F732652D74DC5B00296E96 /* Shared (App) */ = {
			isa = PBXFileSystemSynchronizedRootGroup;
			exceptions = (
				47F732CA2D74DC5C00296E96 /* Exceptions for "Shared (App)" folder in "ApplyNow (iOS)" target */,
				47F732D42D74DC5C00296E96 /* Exceptions for "Shared (App)" folder in "ApplyNow (macOS)" target */,
				47F734812D75FF3200296E96 /* Exceptions for "Shared (App)" folder in "ApplyNow Extension (iOS)" target */,
				47F734822D75FF3200296E96 /* Exceptions for "Shared (App)" folder in "ApplyNow Extension (macOS)" target */,
			);
			path = "Shared (App)";
			sourceTree = "<group>";
		};
		47F7326E2D74DC5C00296E96 /* Shared (Extension) */ = {
			isa = PBXFileSystemSynchronizedRootGroup;
			exceptions = (
				47F732DD2D74DC5C00296E96 /* Exceptions for "Shared (Extension)" folder in "ApplyNow Extension (iOS)" target */,
				47F732DE2D74DC5C00296E96 /* Exceptions for "Shared (Extension)" folder in "ApplyNow Extension (macOS)" target */,
			);
			explicitFolders = (
				Resources/_locales,
				Resources/images,
			);
			path = "Shared (Extension)";
			sourceTree = "<group>";
		};
		47F7327F2D74DC5C00296E96 /* iOS (App) */ = {
			isa = PBXFileSystemSynchronizedRootGroup;
			exceptions = (
				47F732D32D74DC5C00296E96 /* Exceptions for "iOS (App)" folder in "ApplyNow (iOS)" target */,
			);
			path = "iOS (App)";
			sourceTree = "<group>";
		};
		47F732902D74DC5C00296E96 /* macOS (App) */ = {
			isa = PBXFileSystemSynchronizedRootGroup;
			path = "macOS (App)";
			sourceTree = "<group>";
		};
		47F7329F2D74DC5C00296E96 /* iOS (Extension) */ = {
			isa = PBXFileSystemSynchronizedRootGroup;
			exceptions = (
				47F732CE2D74DC5C00296E96 /* Exceptions for "iOS (Extension)" folder in "ApplyNow Extension (iOS)" target */,
			);
			path = "iOS (Extension)";
			sourceTree = "<group>";
		};
		47F732A92D74DC5C00296E96 /* macOS (Extension) */ = {
			isa = PBXFileSystemSynchronizedRootGroup;
			exceptions = (
				47F732D82D74DC5C00296E96 /* Exceptions for "macOS (Extension)" folder in "ApplyNow Extension (macOS)" target */,
			);
			path = "macOS (Extension)";
			sourceTree = "<group>";
		};
/* End PBXFileSystemSynchronizedRootGroup section */

/* Begin PBXFrameworksBuildPhase section */
		47F7327A2D74DC5C00296E96 /* Frameworks */ = {
			isa = PBXFrameworksBuildPhase;
			buildActionMask = 2147483647;
			files = (
			);
			runOnlyForDeploymentPostprocessing = 0;
		};
		47F7328C2D74DC5C00296E96 /* Frameworks */ = {
			isa = PBXFrameworksBuildPhase;
			buildActionMask = 2147483647;
			files = (
			);
			runOnlyForDeploymentPostprocessing = 0;
		};
		47F732982D74DC5C00296E96 /* Frameworks */ = {
			isa = PBXFrameworksBuildPhase;
			buildActionMask = 2147483647;
			files = (
			);
			runOnlyForDeploymentPostprocessing = 0;
		};
		47F732A22D74DC5C00296E96 /* Frameworks */ = {
			isa = PBXFrameworksBuildPhase;
			buildActionMask = 2147483647;
			files = (
			);
			runOnlyForDeploymentPostprocessing = 0;
		};
/* End PBXFrameworksBuildPhase section */

/* Begin PBXGroup section */
		47F732602D74DC5A00296E96 = {
			isa = PBXGroup;
			children = (
				47F732E22D74E2A500296E96 /* ApplyNow Extension (iOS).entitlements */,
				47F732E12D74E0E600296E96 /* ApplyNow (iOS).entitlements */,
				47F732652D74DC5B00296E96 /* Shared (App) */,
				47F7326E2D74DC5C00296E96 /* Shared (Extension) */,
				47F7327F2D74DC5C00296E96 /* iOS (App) */,
				47F732902D74DC5C00296E96 /* macOS (App) */,
				47F7329F2D74DC5C00296E96 /* iOS (Extension) */,
				47F732A92D74DC5C00296E96 /* macOS (Extension) */,
				47F7327E2D74DC5C00296E96 /* Products */,
			);
			sourceTree = "<group>";
		};
		47F7327E2D74DC5C00296E96 /* Products */ = {
			isa = PBXGroup;
			children = (
				47F7327D2D74DC5C00296E96 /* ApplyNow.app */,
				47F7328F2D74DC5C00296E96 /* ApplyNow.app */,
				47F7329B2D74DC5C00296E96 /* ApplyNow Extension.appex */,
				47F732A52D74DC5C00296E96 /* ApplyNow Extension.appex */,
			);
			name = Products;
			sourceTree = "<group>";
		};
/* End PBXGroup section */

/* Begin PBXNativeTarget section */
		47F7327C2D74DC5C00296E96 /* ApplyNow (iOS) */ = {
			isa = PBXNativeTarget;
			buildConfigurationList = 47F732D02D74DC5C00296E96 /* Build configuration list for PBXNativeTarget "ApplyNow (iOS)" */;
			buildPhases = (
				47F732792D74DC5C00296E96 /* Sources */,
				47F7327A2D74DC5C00296E96 /* Frameworks */,
				47F7327B2D74DC5C00296E96 /* Resources */,
				47F732CF2D74DC5C00296E96 /* Embed Foundation Extensions */,
			);
			buildRules = (
			);
			dependencies = (
				47F7329E2D74DC5C00296E96 /* PBXTargetDependency */,
			);
			fileSystemSynchronizedGroups = (
				47F7327F2D74DC5C00296E96 /* iOS (App) */,
			);
			name = "ApplyNow (iOS)";
			packageProductDependencies = (
			);
			productName = "ApplyNow (iOS)";
			productReference = 47F7327D2D74DC5C00296E96 /* ApplyNow.app */;
			productType = "com.apple.product-type.application";
		};
		47F7328E2D74DC5C00296E96 /* ApplyNow (macOS) */ = {
			isa = PBXNativeTarget;
			buildConfigurationList = 47F732DA2D74DC5C00296E96 /* Build configuration list for PBXNativeTarget "ApplyNow (macOS)" */;
			buildPhases = (
				47F7328B2D74DC5C00296E96 /* Sources */,
				47F7328C2D74DC5C00296E96 /* Frameworks */,
				47F7328D2D74DC5C00296E96 /* Resources */,
				47F732D92D74DC5C00296E96 /* Embed Foundation Extensions */,
			);
			buildRules = (
			);
			dependencies = (
				47F732A82D74DC5C00296E96 /* PBXTargetDependency */,
			);
			fileSystemSynchronizedGroups = (
				47F732902D74DC5C00296E96 /* macOS (App) */,
			);
			name = "ApplyNow (macOS)";
			packageProductDependencies = (
			);
			productName = "ApplyNow (macOS)";
			productReference = 47F7328F2D74DC5C00296E96 /* ApplyNow.app */;
			productType = "com.apple.product-type.application";
		};
		47F7329A2D74DC5C00296E96 /* ApplyNow Extension (iOS) */ = {
			isa = PBXNativeTarget;
			buildConfigurationList = 47F732CB2D74DC5C00296E96 /* Build configuration list for PBXNativeTarget "ApplyNow Extension (iOS)" */;
			buildPhases = (
				47F732972D74DC5C00296E96 /* Sources */,
				47F732982D74DC5C00296E96 /* Frameworks */,
				47F732992D74DC5C00296E96 /* Resources */,
			);
			buildRules = (
			);
			dependencies = (
			);
			fileSystemSynchronizedGroups = (
				47F7329F2D74DC5C00296E96 /* iOS (Extension) */,
			);
			name = "ApplyNow Extension (iOS)";
			packageProductDependencies = (
			);
			productName = "ApplyNow Extension (iOS)";
			productReference = 47F7329B2D74DC5C00296E96 /* ApplyNow Extension.appex */;
			productType = "com.apple.product-type.app-extension";
		};
		47F732A42D74DC5C00296E96 /* ApplyNow Extension (macOS) */ = {
			isa = PBXNativeTarget;
			buildConfigurationList = 47F732D52D74DC5C00296E96 /* Build configuration list for PBXNativeTarget "ApplyNow Extension (macOS)" */;
			buildPhases = (
				47F732A12D74DC5C00296E96 /* Sources */,
				47F732A22D74DC5C00296E96 /* Frameworks */,
				47F732A32D74DC5C00296E96 /* Resources */,
			);
			buildRules = (
			);
			dependencies = (
			);
			fileSystemSynchronizedGroups = (
				47F732A92D74DC5C00296E96 /* macOS (Extension) */,
			);
			name = "ApplyNow Extension (macOS)";
			packageProductDependencies = (
			);
			productName = "ApplyNow Extension (macOS)";
			productReference = 47F732A52D74DC5C00296E96 /* ApplyNow Extension.appex */;
			productType = "com.apple.product-type.app-extension";
		};
/* End PBXNativeTarget section */

/* Begin PBXProject section */
		47F732612D74DC5A00296E96 /* Project object */ = {
			isa = PBXProject;
			attributes = {
				BuildIndependentTargetsInParallel = 1;
				LastSwiftUpdateCheck = 1620;
				LastUpgradeCheck = 1620;
				TargetAttributes = {
					47F7327C2D74DC5C00296E96 = {
						CreatedOnToolsVersion = 16.2;
					};
					47F7328E2D74DC5C00296E96 = {
						CreatedOnToolsVersion = 16.2;
					};
					47F7329A2D74DC5C00296E96 = {
						CreatedOnToolsVersion = 16.2;
					};
					47F732A42D74DC5C00296E96 = {
						CreatedOnToolsVersion = 16.2;
					};
				};
			};
			buildConfigurationList = 47F732642D74DC5A00296E96 /* Build configuration list for PBXProject "ApplyNow" */;
			developmentRegion = en;
			hasScannedForEncodings = 0;
			knownRegions = (
				en,
				Base,
			);
			mainGroup = 47F732602D74DC5A00296E96;
			minimizedProjectReferenceProxies = 1;
			preferredProjectObjectVersion = 77;
			productRefGroup = 47F7327E2D74DC5C00296E96 /* Products */;
			projectDirPath = "";
			projectRoot = "";
			targets = (
				47F7327C2D74DC5C00296E96 /* ApplyNow (iOS) */,
				47F7328E2D74DC5C00296E96 /* ApplyNow (macOS) */,
				47F7329A2D74DC5C00296E96 /* ApplyNow Extension (iOS) */,
				47F732A42D74DC5C00296E96 /* ApplyNow Extension (macOS) */,
			);
		};
/* End PBXProject section */

/* Begin PBXResourcesBuildPhase section */
		47F7327B2D74DC5C00296E96 /* Resources */ = {
			isa = PBXResourcesBuildPhase;
			buildActionMask = 2147483647;
			files = (
			);
			runOnlyForDeploymentPostprocessing = 0;
		};
		47F7328D2D74DC5C00296E96 /* Resources */ = {
			isa = PBXResourcesBuildPhase;
			buildActionMask = 2147483647;
			files = (
			);
			runOnlyForDeploymentPostprocessing = 0;
		};
		47F732992D74DC5C00296E96 /* Resources */ = {
			isa = PBXResourcesBuildPhase;
			buildActionMask = 2147483647;
			files = (
			);
			runOnlyForDeploymentPostprocessing = 0;
		};
		47F732A32D74DC5C00296E96 /* Resources */ = {
			isa = PBXResourcesBuildPhase;
			buildActionMask = 2147483647;
			files = (
			);
			runOnlyForDeploymentPostprocessing = 0;
		};
/* End PBXResourcesBuildPhase section */

/* Begin PBXSourcesBuildPhase section */
		47F732792D74DC5C00296E96 /* Sources */ = {
			isa = PBXSourcesBuildPhase;
			buildActionMask = 2147483647;
			files = (
			);
			runOnlyForDeploymentPostprocessing = 0;
		};
		47F7328B2D74DC5C00296E96 /* Sources */ = {
			isa = PBXSourcesBuildPhase;
			buildActionMask = 2147483647;
			files = (
			);
			runOnlyForDeploymentPostprocessing = 0;
		};
		47F732972D74DC5C00296E96 /* Sources */ = {
			isa = PBXSourcesBuildPhase;
			buildActionMask = 2147483647;
			files = (
			);
			runOnlyForDeploymentPostprocessing = 0;
		};
		47F732A12D74DC5C00296E96 /* Sources */ = {
			isa = PBXSourcesBuildPhase;
			buildActionMask = 2147483647;
			files = (
			);
			runOnlyForDeploymentPostprocessing = 0;
		};
/* End PBXSourcesBuildPhase section */

/* Begin PBXTargetDependency section */
		47F7329E2D74DC5C00296E96 /* PBXTargetDependency */ = {
			isa = PBXTargetDependency;
			target = 47F7329A2D74DC5C00296E96 /* ApplyNow Extension (iOS) */;
			targetProxy = 47F7329D2D74DC5C00296E96 /* PBXContainerItemProxy */;
		};
		47F732A82D74DC5C00296E96 /* PBXTargetDependency */ = {
			isa = PBXTargetDependency;
			target = 47F732A42D74DC5C00296E96 /* ApplyNow Extension (macOS) */;
			targetProxy = 47F732A72D74DC5C00296E96 /* PBXContainerItemProxy */;
		};
/* End PBXTargetDependency section */

/* Begin XCBuildConfiguration section */
		47F732CC2D74DC5C00296E96 /* Debug */ = {
			isa = XCBuildConfiguration;
			buildSettings = {
				CODE_SIGN_ENTITLEMENTS = "ApplyNow Extension (iOS).entitlements";
				CODE_SIGN_STYLE = Automatic;
				CURRENT_PROJECT_VERSION = 1;
				DEVELOPMENT_TEAM = EWH85CQYYJ;
				GENERATE_INFOPLIST_FILE = YES;
				INFOPLIST_FILE = "iOS (Extension)/Info.plist";
				INFOPLIST_KEY_CFBundleDisplayName = "ApplyNow Extension";
				INFOPLIST_KEY_NSHumanReadableCopyright = "";
				IPHONEOS_DEPLOYMENT_TARGET = 15.0;
				LD_RUNPATH_SEARCH_PATHS = (
					"$(inherited)",
					"@executable_path/Frameworks",
					"@executable_path/../../Frameworks",
				);
				MARKETING_VERSION = 1.0;
				OTHER_LDFLAGS = (
					"-framework",
					SafariServices,
				);
				PRODUCT_BUNDLE_IDENTIFIER = "com.riff-tech.EasyApply.Extension";
				PRODUCT_NAME = "ApplyNow Extension";
				SDKROOT = iphoneos;
				SKIP_INSTALL = YES;
				SWIFT_EMIT_LOC_STRINGS = YES;
				SWIFT_VERSION = 5.0;
				TARGETED_DEVICE_FAMILY = "1,2";
			};
			name = Debug;
		};
		47F732CD2D74DC5C00296E96 /* Release */ = {
			isa = XCBuildConfiguration;
			buildSettings = {
				CODE_SIGN_ENTITLEMENTS = "ApplyNow Extension (iOS).entitlements";
				CODE_SIGN_STYLE = Automatic;
				CURRENT_PROJECT_VERSION = 1;
				DEVELOPMENT_TEAM = EWH85CQYYJ;
				GENERATE_INFOPLIST_FILE = YES;
				INFOPLIST_FILE = "iOS (Extension)/Info.plist";
				INFOPLIST_KEY_CFBundleDisplayName = "ApplyNow Extension";
				INFOPLIST_KEY_NSHumanReadableCopyright = "";
				IPHONEOS_DEPLOYMENT_TARGET = 15.0;
				LD_RUNPATH_SEARCH_PATHS = (
					"$(inherited)",
					"@executable_path/Frameworks",
					"@executable_path/../../Frameworks",
				);
				MARKETING_VERSION = 1.0;
				OTHER_LDFLAGS = (
					"-framework",
					SafariServices,
				);
				PRODUCT_BUNDLE_IDENTIFIER = "com.riff-tech.EasyApply.Extension";
				PRODUCT_NAME = "ApplyNow Extension";
				SDKROOT = iphoneos;
				SKIP_INSTALL = YES;
				SWIFT_EMIT_LOC_STRINGS = YES;
				SWIFT_VERSION = 5.0;
				TARGETED_DEVICE_FAMILY = "1,2";
				VALIDATE_PRODUCT = YES;
			};
			name = Release;
		};
		47F732D12D74DC5C00296E96 /* Debug */ = {
			isa = XCBuildConfiguration;
			buildSettings = {
				ASSETCATALOG_COMPILER_APPICON_NAME = AppIcon;
				ASSETCATALOG_COMPILER_GLOBAL_ACCENT_COLOR_NAME = AccentColor;
				CODE_SIGN_ENTITLEMENTS = "ApplyNow (iOS).entitlements";
				CODE_SIGN_STYLE = Automatic;
				CURRENT_PROJECT_VERSION = 1;
				DEVELOPMENT_TEAM = EWH85CQYYJ;
				GENERATE_INFOPLIST_FILE = YES;
				INFOPLIST_FILE = "iOS (App)/Info.plist";
				INFOPLIST_KEY_CFBundleDisplayName = ApplyNow;
				INFOPLIST_KEY_UIApplicationSupportsIndirectInputEvents = YES;
				INFOPLIST_KEY_UILaunchStoryboardName = LaunchScreen;
				INFOPLIST_KEY_UIMainStoryboardFile = Main;
				INFOPLIST_KEY_UISupportedInterfaceOrientations = "UIInterfaceOrientationPortrait UIInterfaceOrientationLandscapeLeft UIInterfaceOrientationLandscapeRight";
				INFOPLIST_KEY_UISupportedInterfaceOrientations_iPad = "UIInterfaceOrientationPortrait UIInterfaceOrientationPortraitUpsideDown UIInterfaceOrientationLandscapeLeft UIInterfaceOrientationLandscapeRight";
				IPHONEOS_DEPLOYMENT_TARGET = 15.0;
				LD_RUNPATH_SEARCH_PATHS = (
					"$(inherited)",
					"@executable_path/Frameworks",
				);
				MARKETING_VERSION = 1.0;
				OTHER_LDFLAGS = (
					"-framework",
					SafariServices,
					"-framework",
					WebKit,
				);
				PRODUCT_BUNDLE_IDENTIFIER = "com.riff-tech.EasyApply";
				PRODUCT_NAME = ApplyNow;
				SDKROOT = iphoneos;
				SWIFT_EMIT_LOC_STRINGS = YES;
				SWIFT_VERSION = 5.0;
				TARGETED_DEVICE_FAMILY = "1,2";
			};
			name = Debug;
		};
		47F732D22D74DC5C00296E96 /* Release */ = {
			isa = XCBuildConfiguration;
			buildSettings = {
				ASSETCATALOG_COMPILER_APPICON_NAME = AppIcon;
				ASSETCATALOG_COMPILER_GLOBAL_ACCENT_COLOR_NAME = AccentColor;
				CODE_SIGN_ENTITLEMENTS = "ApplyNow (iOS).entitlements";
				CODE_SIGN_STYLE = Automatic;
				CURRENT_PROJECT_VERSION = 1;
				DEVELOPMENT_TEAM = EWH85CQYYJ;
				GENERATE_INFOPLIST_FILE = YES;
				INFOPLIST_FILE = "iOS (App)/Info.plist";
				INFOPLIST_KEY_CFBundleDisplayName = ApplyNow;
				INFOPLIST_KEY_UIApplicationSupportsIndirectInputEvents = YES;
				INFOPLIST_KEY_UILaunchStoryboardName = LaunchScreen;
				INFOPLIST_KEY_UIMainStoryboardFile = Main;
				INFOPLIST_KEY_UISupportedInterfaceOrientations = "UIInterfaceOrientationPortrait UIInterfaceOrientationLandscapeLeft UIInterfaceOrientationLandscapeRight";
				INFOPLIST_KEY_UISupportedInterfaceOrientations_iPad = "UIInterfaceOrientationPortrait UIInterfaceOrientationPortraitUpsideDown UIInterfaceOrientationLandscapeLeft UIInterfaceOrientationLandscapeRight";
				IPHONEOS_DEPLOYMENT_TARGET = 15.0;
				LD_RUNPATH_SEARCH_PATHS = (
					"$(inherited)",
					"@executable_path/Frameworks",
				);
				MARKETING_VERSION = 1.0;
				OTHER_LDFLAGS = (
					"-framework",
					SafariServices,
					"-framework",
					WebKit,
				);
				PRODUCT_BUNDLE_IDENTIFIER = "com.riff-tech.EasyApply";
				PRODUCT_NAME = ApplyNow;
				SDKROOT = iphoneos;
				SWIFT_EMIT_LOC_STRINGS = YES;
				SWIFT_VERSION = 5.0;
				TARGETED_DEVICE_FAMILY = "1,2";
				VALIDATE_PRODUCT = YES;
			};
			name = Release;
		};
		47F732D62D74DC5C00296E96 /* Debug */ = {
			isa = XCBuildConfiguration;
			buildSettings = {
				CODE_SIGN_ENTITLEMENTS = "macOS (Extension)/ApplyNow.entitlements";
				CODE_SIGN_STYLE = Automatic;
				CURRENT_PROJECT_VERSION = 1;
				DEVELOPMENT_TEAM = EWH85CQYYJ;
				ENABLE_HARDENED_RUNTIME = YES;
				GENERATE_INFOPLIST_FILE = YES;
				INFOPLIST_FILE = "macOS (Extension)/Info.plist";
				INFOPLIST_KEY_CFBundleDisplayName = "ApplyNow Extension";
				INFOPLIST_KEY_NSHumanReadableCopyright = "";
				LD_RUNPATH_SEARCH_PATHS = (
					"$(inherited)",
					"@executable_path/../Frameworks",
					"@executable_path/../../../../Frameworks",
				);
				MACOSX_DEPLOYMENT_TARGET = 11.5;
				MARKETING_VERSION = 1.0;
				OTHER_LDFLAGS = (
					"-framework",
					SafariServices,
				);
				PRODUCT_BUNDLE_IDENTIFIER = "com.riff-tech.EasyApply.Extension";
				PRODUCT_NAME = "ApplyNow Extension";
				SDKROOT = macosx;
				SKIP_INSTALL = YES;
				SWIFT_EMIT_LOC_STRINGS = YES;
				SWIFT_VERSION = 5.0;
			};
			name = Debug;
		};
		47F732D72D74DC5C00296E96 /* Release */ = {
			isa = XCBuildConfiguration;
			buildSettings = {
				CODE_SIGN_ENTITLEMENTS = "macOS (Extension)/ApplyNow.entitlements";
				CODE_SIGN_STYLE = Automatic;
				CURRENT_PROJECT_VERSION = 1;
				DEVELOPMENT_TEAM = EWH85CQYYJ;
				ENABLE_HARDENED_RUNTIME = YES;
				GENERATE_INFOPLIST_FILE = YES;
				INFOPLIST_FILE = "macOS (Extension)/Info.plist";
				INFOPLIST_KEY_CFBundleDisplayName = "ApplyNow Extension";
				INFOPLIST_KEY_NSHumanReadableCopyright = "";
				LD_RUNPATH_SEARCH_PATHS = (
					"$(inherited)",
					"@executable_path/../Frameworks",
					"@executable_path/../../../../Frameworks",
				);
				MACOSX_DEPLOYMENT_TARGET = 11.5;
				MARKETING_VERSION = 1.0;
				OTHER_LDFLAGS = (
					"-framework",
					SafariServices,
				);
				PRODUCT_BUNDLE_IDENTIFIER = "com.riff-tech.EasyApply.Extension";
				PRODUCT_NAME = "ApplyNow Extension";
				SDKROOT = macosx;
				SKIP_INSTALL = YES;
				SWIFT_EMIT_LOC_STRINGS = YES;
				SWIFT_VERSION = 5.0;
			};
			name = Release;
		};
		47F732DB2D74DC5C00296E96 /* Debug */ = {
			isa = XCBuildConfiguration;
			buildSettings = {
				ASSETCATALOG_COMPILER_APPICON_NAME = AppIcon;
				ASSETCATALOG_COMPILER_GLOBAL_ACCENT_COLOR_NAME = AccentColor;
				CODE_SIGN_ENTITLEMENTS = "macOS (App)/ApplyNow.entitlements";
				CODE_SIGN_STYLE = Automatic;
				CURRENT_PROJECT_VERSION = 1;
				DEVELOPMENT_TEAM = EWH85CQYYJ;
				ENABLE_HARDENED_RUNTIME = YES;
				GENERATE_INFOPLIST_FILE = YES;
				INFOPLIST_KEY_CFBundleDisplayName = ApplyNow;
				INFOPLIST_KEY_NSMainStoryboardFile = Main;
				INFOPLIST_KEY_NSPrincipalClass = NSApplication;
				LD_RUNPATH_SEARCH_PATHS = (
					"$(inherited)",
					"@executable_path/../Frameworks",
				);
				MACOSX_DEPLOYMENT_TARGET = 11.5;
				MARKETING_VERSION = 1.0;
				OTHER_LDFLAGS = (
					"-framework",
					SafariServices,
					"-framework",
					WebKit,
				);
				PRODUCT_BUNDLE_IDENTIFIER = "com.riff-tech.EasyApply";
				PRODUCT_NAME = ApplyNow;
				SDKROOT = macosx;
				SWIFT_EMIT_LOC_STRINGS = YES;
				SWIFT_VERSION = 5.0;
			};
			name = Debug;
		};
		47F732DC2D74DC5C00296E96 /* Release */ = {
			isa = XCBuildConfiguration;
			buildSettings = {
				ASSETCATALOG_COMPILER_APPICON_NAME = AppIcon;
				ASSETCATALOG_COMPILER_GLOBAL_ACCENT_COLOR_NAME = AccentColor;
				CODE_SIGN_ENTITLEMENTS = "macOS (App)/ApplyNow.entitlements";
				CODE_SIGN_STYLE = Automatic;
				CURRENT_PROJECT_VERSION = 1;
				DEVELOPMENT_TEAM = EWH85CQYYJ;
				ENABLE_HARDENED_RUNTIME = YES;
				GENERATE_INFOPLIST_FILE = YES;
				INFOPLIST_KEY_CFBundleDisplayName = ApplyNow;
				INFOPLIST_KEY_NSMainStoryboardFile = Main;
				INFOPLIST_KEY_NSPrincipalClass = NSApplication;
				LD_RUNPATH_SEARCH_PATHS = (
					"$(inherited)",
					"@executable_path/../Frameworks",
				);
				MACOSX_DEPLOYMENT_TARGET = 11.5;
				MARKETING_VERSION = 1.0;
				OTHER_LDFLAGS = (
					"-framework",
					SafariServices,
					"-framework",
					WebKit,
				);
				PRODUCT_BUNDLE_IDENTIFIER = "com.riff-tech.EasyApply";
				PRODUCT_NAME = ApplyNow;
				SDKROOT = macosx;
				SWIFT_EMIT_LOC_STRINGS = YES;
				SWIFT_VERSION = 5.0;
			};
			name = Release;
		};
		47F732DF2D74DC5C00296E96 /* Debug */ = {
			isa = XCBuildConfiguration;
			buildSettings = {
				ALWAYS_SEARCH_USER_PATHS = NO;
				ASSETCATALOG_COMPILER_GENERATE_SWIFT_ASSET_SYMBOL_EXTENSIONS = YES;
				CLANG_ANALYZER_NONNULL = YES;
				CLANG_ANALYZER_NUMBER_OBJECT_CONVERSION = YES_AGGRESSIVE;
				CLANG_CXX_LANGUAGE_STANDARD = "gnu++20";
				CLANG_ENABLE_MODULES = YES;
				CLANG_ENABLE_OBJC_ARC = YES;
				CLANG_ENABLE_OBJC_WEAK = YES;
				CLANG_WARN_BLOCK_CAPTURE_AUTORELEASING = YES;
				CLANG_WARN_BOOL_CONVERSION = YES;
				CLANG_WARN_COMMA = YES;
				CLANG_WARN_CONSTANT_CONVERSION = YES;
				CLANG_WARN_DEPRECATED_OBJC_IMPLEMENTATIONS = YES;
				CLANG_WARN_DIRECT_OBJC_ISA_USAGE = YES_ERROR;
				CLANG_WARN_DOCUMENTATION_COMMENTS = YES;
				CLANG_WARN_EMPTY_BODY = YES;
				CLANG_WARN_ENUM_CONVERSION = YES;
				CLANG_WARN_INFINITE_RECURSION = YES;
				CLANG_WARN_INT_CONVERSION = YES;
				CLANG_WARN_NON_LITERAL_NULL_CONVERSION = YES;
				CLANG_WARN_OBJC_IMPLICIT_RETAIN_SELF = YES;
				CLANG_WARN_OBJC_LITERAL_CONVERSION = YES;
				CLANG_WARN_OBJC_ROOT_CLASS = YES_ERROR;
				CLANG_WARN_QUOTED_INCLUDE_IN_FRAMEWORK_HEADER = YES;
				CLANG_WARN_RANGE_LOOP_ANALYSIS = YES;
				CLANG_WARN_STRICT_PROTOTYPES = YES;
				CLANG_WARN_SUSPICIOUS_MOVE = YES;
				CLANG_WARN_UNGUARDED_AVAILABILITY = YES_AGGRESSIVE;
				CLANG_WARN_UNREACHABLE_CODE = YES;
				CLANG_WARN__DUPLICATE_METHOD_MATCH = YES;
				COPY_PHASE_STRIP = NO;
				DEBUG_INFORMATION_FORMAT = dwarf;
				ENABLE_STRICT_OBJC_MSGSEND = YES;
				ENABLE_TESTABILITY = YES;
				ENABLE_USER_SCRIPT_SANDBOXING = YES;
				GCC_C_LANGUAGE_STANDARD = gnu17;
				GCC_DYNAMIC_NO_PIC = NO;
				GCC_NO_COMMON_BLOCKS = YES;
				GCC_OPTIMIZATION_LEVEL = 0;
				GCC_PREPROCESSOR_DEFINITIONS = (
					"DEBUG=1",
					"$(inherited)",
				);
				GCC_WARN_64_TO_32_BIT_CONVERSION = YES;
				GCC_WARN_ABOUT_RETURN_TYPE = YES_ERROR;
				GCC_WARN_UNDECLARED_SELECTOR = YES;
				GCC_WARN_UNINITIALIZED_AUTOS = YES_AGGRESSIVE;
				GCC_WARN_UNUSED_FUNCTION = YES;
				GCC_WARN_UNUSED_VARIABLE = YES;
				LOCALIZATION_PREFERS_STRING_CATALOGS = YES;
				MTL_ENABLE_DEBUG_INFO = INCLUDE_SOURCE;
				MTL_FAST_MATH = YES;
				ONLY_ACTIVE_ARCH = YES;
				SWIFT_ACTIVE_COMPILATION_CONDITIONS = "DEBUG $(inherited)";
				SWIFT_OPTIMIZATION_LEVEL = "-Onone";
			};
			name = Debug;
		};
		47F732E02D74DC5C00296E96 /* Release */ = {
			isa = XCBuildConfiguration;
			buildSettings = {
				ALWAYS_SEARCH_USER_PATHS = NO;
				ASSETCATALOG_COMPILER_GENERATE_SWIFT_ASSET_SYMBOL_EXTENSIONS = YES;
				CLANG_ANALYZER_NONNULL = YES;
				CLANG_ANALYZER_NUMBER_OBJECT_CONVERSION = YES_AGGRESSIVE;
				CLANG_CXX_LANGUAGE_STANDARD = "gnu++20";
				CLANG_ENABLE_MODULES = YES;
				CLANG_ENABLE_OBJC_ARC = YES;
				CLANG_ENABLE_OBJC_WEAK = YES;
				CLANG_WARN_BLOCK_CAPTURE_AUTORELEASING = YES;
				CLANG_WARN_BOOL_CONVERSION = YES;
				CLANG_WARN_COMMA = YES;
				CLANG_WARN_CONSTANT_CONVERSION = YES;
				CLANG_WARN_DEPRECATED_OBJC_IMPLEMENTATIONS = YES;
				CLANG_WARN_DIRECT_OBJC_ISA_USAGE = YES_ERROR;
				CLANG_WARN_DOCUMENTATION_COMMENTS = YES;
				CLANG_WARN_EMPTY_BODY = YES;
				CLANG_WARN_ENUM_CONVERSION = YES;
				CLANG_WARN_INFINITE_RECURSION = YES;
				CLANG_WARN_INT_CONVERSION = YES;
				CLANG_WARN_NON_LITERAL_NULL_CONVERSION = YES;
				CLANG_WARN_OBJC_IMPLICIT_RETAIN_SELF = YES;
				CLANG_WARN_OBJC_LITERAL_CONVERSION = YES;
				CLANG_WARN_OBJC_ROOT_CLASS = YES_ERROR;
				CLANG_WARN_QUOTED_INCLUDE_IN_FRAMEWORK_HEADER = YES;
				CLANG_WARN_RANGE_LOOP_ANALYSIS = YES;
				CLANG_WARN_STRICT_PROTOTYPES = YES;
				CLANG_WARN_SUSPICIOUS_MOVE = YES;
				CLANG_WARN_UNGUARDED_AVAILABILITY = YES_AGGRESSIVE;
				CLANG_WARN_UNREACHABLE_CODE = YES;
				CLANG_WARN__DUPLICATE_METHOD_MATCH = YES;
				COPY_PHASE_STRIP = NO;
				DEBUG_INFORMATION_FORMAT = "dwarf-with-dsym";
				ENABLE_NS_ASSERTIONS = NO;
				ENABLE_STRICT_OBJC_MSGSEND = YES;
				ENABLE_USER_SCRIPT_SANDBOXING = YES;
				GCC_C_LANGUAGE_STANDARD = gnu17;
				GCC_NO_COMMON_BLOCKS = YES;
				GCC_WARN_64_TO_32_BIT_CONVERSION = YES;
				GCC_WARN_ABOUT_RETURN_TYPE = YES_ERROR;
				GCC_WARN_UNDECLARED_SELECTOR = YES;
				GCC_WARN_UNINITIALIZED_AUTOS = YES_AGGRESSIVE;
				GCC_WARN_UNUSED_FUNCTION = YES;
				GCC_WARN_UNUSED_VARIABLE = YES;
				LOCALIZATION_PREFERS_STRING_CATALOGS = YES;
				MTL_ENABLE_DEBUG_INFO = NO;
				MTL_FAST_MATH = YES;
				SWIFT_COMPILATION_MODE = wholemodule;
			};
			name = Release;
		};
/* End XCBuildConfiguration section */

/* Begin XCConfigurationList section */
		47F732642D74DC5A00296E96 /* Build configuration list for PBXProject "ApplyNow" */ = {
			isa = XCConfigurationList;
			buildConfigurations = (
				47F732DF2D74DC5C00296E96 /* Debug */,
				47F732E02D74DC5C00296E96 /* Release */,
			);
			defaultConfigurationIsVisible = 0;
			defaultConfigurationName = Release;
		};
		47F732CB2D74DC5C00296E96 /* Build configuration list for PBXNativeTarget "ApplyNow Extension (iOS)" */ = {
			isa = XCConfigurationList;
			buildConfigurations = (
				47F732CC2D74DC5C00296E96 /* Debug */,
				47F732CD2D74DC5C00296E96 /* Release */,
			);
			defaultConfigurationIsVisible = 0;
			defaultConfigurationName = Release;
		};
		47F732D02D74DC5C00296E96 /* Build configuration list for PBXNativeTarget "ApplyNow (iOS)" */ = {
			isa = XCConfigurationList;
			buildConfigurations = (
				47F732D12D74DC5C00296E96 /* Debug */,
				47F732D22D74DC5C00296E96 /* Release */,
			);
			defaultConfigurationIsVisible = 0;
			defaultConfigurationName = Release;
		};
		47F732D52D74DC5C00296E96 /* Build configuration list for PBXNativeTarget "ApplyNow Extension (macOS)" */ = {
			isa = XCConfigurationList;
			buildConfigurations = (
				47F732D62D74DC5C00296E96 /* Debug */,
				47F732D72D74DC5C00296E96 /* Release */,
			);
			defaultConfigurationIsVisible = 0;
			defaultConfigurationName = Release;
		};
		47F732DA2D74DC5C00296E96 /* Build configuration list for PBXNativeTarget "ApplyNow (macOS)" */ = {
			isa = XCConfigurationList;
			buildConfigurations = (
				47F732DB2D74DC5C00296E96 /* Debug */,
				47F732DC2D74DC5C00296E96 /* Release */,
			);
			defaultConfigurationIsVisible = 0;
			defaultConfigurationName = Release;
		};
/* End XCConfigurationList section */
	};
	rootObject = 47F732612D74DC5A00296E96 /* Project object */;
}
